
Microsoft Visual Studio Solution File, Format Version 12.00
# Visual Studio Version 17
VisualStudioVersion = 17.10.35013.160
MinimumVisualStudioVersion = 10.0.40219.1
Project("{9A19103F-16F7-4668-BE54-9A1E7A4F7556}") = "webservice", "..\..\..\Desktop\webservice\webservice\webservice.csproj", "{54AD0905-6E60-406D-A1FA-0ABF1C9BBF76}"
EndProject
Project("{FAE04EC0-301F-11D3-BF4B-00C04F79EFBC}") = "WindowsFormsApp1", "..\..\..\Desktop\webservice\WindowsFormsApp1\WindowsFormsApp1.csproj", "{55A3F147-962D-44B9-8E75-9DF718937902}"
EndProject
Project("{FAE04EC0-301F-11D3-BF4B-00C04F79EFBC}") = "WebApplication1", "..\..\..\Desktop\webservice12\WebApplication1\WebApplication1.csproj", "{50DFC673-401D-410F-9B6E-4156D70EE037}"
EndProject
Global
	GlobalSection(SolutionConfigurationPlatforms) = preSolution
		Debug|Any CPU = Debug|Any CPU
		Release|Any CPU = Release|Any CPU
	EndGlobalSection
	GlobalSection(ProjectConfigurationPlatforms) = postSolution
		{54AD0905-6E60-406D-A1FA-0ABF1C9BBF76}.Debug|Any CPU.ActiveCfg = Debug|Any CPU
		{54AD0905-6E60-406D-A1FA-0ABF1C9BBF76}.Debug|Any CPU.Build.0 = Debug|Any CPU
		{54AD0905-6E60-406D-A1FA-0ABF1C9BBF76}.Release|Any CPU.ActiveCfg = Release|Any CPU
		{54AD0905-6E60-406D-A1FA-0ABF1C9BBF76}.Release|Any CPU.Build.0 = Release|Any CPU
		{55A3F147-962D-44B9-8E75-9DF718937902}.Debug|Any CPU.ActiveCfg = Debug|Any CPU
		{55A3F147-962D-44B9-8E75-9DF718937902}.Debug|Any CPU.Build.0 = Debug|Any CPU
		{55A3F147-962D-44B9-8E75-9DF718937902}.Release|Any CPU.ActiveCfg = Release|Any CPU
		{55A3F147-962D-44B9-8E75-9DF718937902}.Release|Any CPU.Build.0 = Release|Any CPU
		{50DFC673-401D-410F-9B6E-4156D70EE037}.Debug|Any CPU.ActiveCfg = Debug|Any CPU
		{50DFC673-401D-410F-9B6E-4156D70EE037}.Debug|Any CPU.Build.0 = Debug|Any CPU
		{50DFC673-401D-410F-9B6E-4156D70EE037}.Release|Any CPU.ActiveCfg = Release|Any CPU
		{50DFC673-401D-410F-9B6E-4156D70EE037}.Release|Any CPU.Build.0 = Release|Any CPU
	EndGlobalSection
	GlobalSection(SolutionProperties) = preSolution
		HideSolutionNode = FALSE
	EndGlobalSection
	GlobalSection(ExtensibilityGlobals) = postSolution
		SolutionGuid = {116FCB33-5C5C-47FF-8913-20BCF353D4A3}
	EndGlobalSection
EndGlobal
